
Microsoft Visual Studio Solution File, Format Version 12.00
# Visual Studio Version 17
VisualStudioVersion = 17.3.32901.215
MinimumVisualStudioVersion = 10.0.40219.1
Project("{FAE04EC0-301F-11D3-BF4B-00C04F79EFBC}") = "Daitan Test", "Daitan Test\Daitan Test.csproj", "{AF5EF1A0-1C10-49D2-986B-B6257464A13C}"
EndProject
Global
	GlobalSection(SolutionConfigurationPlatforms) = preSolution
		Debug|Any CPU = Debug|Any CPU
		Release|Any CPU = Release|Any CPU
	EndGlobalSection
	GlobalSection(ProjectConfigurationPlatforms) = postSolution
		{AF5EF1A0-1C10-49D2-986B-B6257464A13C}.Debug|Any CPU.ActiveCfg = Debug|Any CPU
		{AF5EF1A0-1C10-49D2-986B-B6257464A13C}.Debug|Any CPU.Build.0 = Debug|Any CPU
		{AF5EF1A0-1C10-49D2-986B-B6257464A13C}.Release|Any CPU.ActiveCfg = Release|Any CPU
		{AF5EF1A0-1C10-49D2-986B-B6257464A13C}.Release|Any CPU.Build.0 = Release|Any CPU
	EndGlobalSection
	GlobalSection(SolutionProperties) = preSolution
		HideSolutionNode = FALSE
	EndGlobalSection
	GlobalSection(ExtensibilityGlobals) = postSolution
		SolutionGuid = {2CBDEB3E-68EE-493C-8528-0D683A40A11C}
	EndGlobalSection
EndGlobal
